
Microsoft Visual Studio Solution File, Format Version 12.00
# Visual Studio 15
VisualStudioVersion = 15.0.27428.2027
MinimumVisualStudioVersion = 10.0.40219.1
Project("{9A19103F-16F7-4668-BE54-9A1E7A4F7556}") = "Service.API.ERP", "Service.API.ERP.csproj", "{8166A1A6-34D7-4C0B-AC36-152FFA71071C}"
EndProject
Global
	GlobalSection(SolutionConfigurationPlatforms) = preSolution
		Debug|Any CPU = Debug|Any CPU
		Release|Any CPU = Release|Any CPU
	EndGlobalSection
	GlobalSection(ProjectConfigurationPlatforms) = postSolution
		{8166A1A6-34D7-4C0B-AC36-152FFA71071C}.Debug|Any CPU.ActiveCfg = Debug|Any CPU
		{8166A1A6-34D7-4C0B-AC36-152FFA71071C}.Debug|Any CPU.Build.0 = Debug|Any CPU
		{8166A1A6-34D7-4C0B-AC36-152FFA71071C}.Release|Any CPU.ActiveCfg = Release|Any CPU
		{8166A1A6-34D7-4C0B-AC36-152FFA71071C}.Release|Any CPU.Build.0 = Release|Any CPU
	EndGlobalSection
	GlobalSection(SolutionProperties) = preSolution
		HideSolutionNode = FALSE
	EndGlobalSection
	GlobalSection(ExtensibilityGlobals) = postSolution
		SolutionGuid = {316D4C25-8752-4068-8492-343182F1EC7B}
	EndGlobalSection
EndGlobal
